
Microsoft Visual Studio Solution File, Format Version 10.00
# Visual Studio 2008
Project("{FAE04EC0-301F-11D3-BF4B-00C04F79EFBC}") = "SampleRP", "SampleRP\SampleRP.csproj", "{9B624600-8A1A-4033-84F4-8677D758627C}"
EndProject
Project("{FAE04EC0-301F-11D3-BF4B-00C04F79EFBC}") = "Southworks.IdentityModel.MultiProtocolIssuer", "Southworks.IdentityModel.MultiProtocolIssuer\Southworks.IdentityModel.MultiProtocolIssuer.csproj", "{97A8192D-5E2D-4D6B-A450-1166B65CF564}"
EndProject
Project("{FAE04EC0-301F-11D3-BF4B-00C04F79EFBC}") = "Southworks.IdentityModel.MultiProtocolIssuer.Tests", "Southworks.IdentityModel.MultiProtocolIssuer.Tests\Southworks.IdentityModel.MultiProtocolIssuer.Tests.csproj", "{95DF2DD3-507E-4985-9CFE-D3A311671192}"
EndProject
Project("{FAE04EC0-301F-11D3-BF4B-00C04F79EFBC}") = "Southworks.IdentityModel.ClaimsPolicyEngine", "..\..\ClaimsPolicyEngine\code\Southworks.IdentityModel.ClaimsPolicyEngine\Southworks.IdentityModel.ClaimsPolicyEngine.csproj", "{09FCB3DD-B111-439F-8574-ED024064906C}"
EndProject
Project("{FAE04EC0-301F-11D3-BF4B-00C04F79EFBC}") = "Southworks.IdentityModel.ClaimsPolicyEngine.Tests", "..\..\ClaimsPolicyEngine\code\Southworks.IdentityModel.ClaimsPolicyEngine.Tests\Southworks.IdentityModel.ClaimsPolicyEngine.Tests.csproj", "{5D12A559-301C-4397-A519-85611B1FCF22}"
EndProject
Project("{FAE04EC0-301F-11D3-BF4B-00C04F79EFBC}") = "MultiProtocolIssuerSts", "MultiProtocolIssuerSts\MultiProtocolIssuerSts.csproj", "{D22621C7-529C-4B59-A3ED-9CDD02D84BBF}"
EndProject
Project("{FAE04EC0-301F-11D3-BF4B-00C04F79EFBC}") = "MultiProtocolIssuerSts.Tests", "MultiProtocolIssuerSts.Tests\MultiProtocolIssuerSts.Tests.csproj", "{C0777760-3481-4C07-B79B-29683F3F8F09}"
EndProject
Project("{2150E333-8FDC-42A3-9474-1A3956D46DE8}") = "Solution Items", "Solution Items", "{1FF1AB90-159F-4832-8855-8089654FAC7C}"
	ProjectSection(SolutionItems) = preProject
		LocalTestRun.testrunconfig = LocalTestRun.testrunconfig
		sample.vsmdi = sample.vsmdi
	EndProjectSection
EndProject
Project("{FAE04EC0-301F-11D3-BF4B-00C04F79EFBC}") = "SampleRPWebForms", "SampleRPWebForms\SampleRPWebForms.csproj", "{D87F68BE-3BE8-471E-B3FA-CD6C3B9CBFDE}"
EndProject
Global
	GlobalSection(TestCaseManagementSettings) = postSolution
		CategoryFile = Sample.vsmdi
	EndGlobalSection
	GlobalSection(SolutionConfigurationPlatforms) = preSolution
		Debug|Any CPU = Debug|Any CPU
		Debug|x86 = Debug|x86
		Release|Any CPU = Release|Any CPU
		Release|x86 = Release|x86
	EndGlobalSection
	GlobalSection(ProjectConfigurationPlatforms) = postSolution
		{9B624600-8A1A-4033-84F4-8677D758627C}.Debug|Any CPU.ActiveCfg = Debug|Any CPU
		{9B624600-8A1A-4033-84F4-8677D758627C}.Debug|Any CPU.Build.0 = Debug|Any CPU
		{9B624600-8A1A-4033-84F4-8677D758627C}.Debug|x86.ActiveCfg = Debug|Any CPU
		{9B624600-8A1A-4033-84F4-8677D758627C}.Debug|x86.Build.0 = Debug|Any CPU
		{9B624600-8A1A-4033-84F4-8677D758627C}.Release|Any CPU.ActiveCfg = Release|Any CPU
		{9B624600-8A1A-4033-84F4-8677D758627C}.Release|Any CPU.Build.0 = Release|Any CPU
		{9B624600-8A1A-4033-84F4-8677D758627C}.Release|x86.ActiveCfg = Release|Any CPU
		{97A8192D-5E2D-4D6B-A450-1166B65CF564}.Debug|Any CPU.ActiveCfg = Debug|Any CPU
		{97A8192D-5E2D-4D6B-A450-1166B65CF564}.Debug|Any CPU.Build.0 = Debug|Any CPU
		{97A8192D-5E2D-4D6B-A450-1166B65CF564}.Debug|x86.ActiveCfg = Debug|Any CPU
		{97A8192D-5E2D-4D6B-A450-1166B65CF564}.Debug|x86.Build.0 = Debug|Any CPU
		{97A8192D-5E2D-4D6B-A450-1166B65CF564}.Release|Any CPU.ActiveCfg = Release|Any CPU
		{97A8192D-5E2D-4D6B-A450-1166B65CF564}.Release|Any CPU.Build.0 = Release|Any CPU
		{97A8192D-5E2D-4D6B-A450-1166B65CF564}.Release|x86.ActiveCfg = Release|Any CPU
		{95DF2DD3-507E-4985-9CFE-D3A311671192}.Debug|Any CPU.ActiveCfg = Debug|Any CPU
		{95DF2DD3-507E-4985-9CFE-D3A311671192}.Debug|Any CPU.Build.0 = Debug|Any CPU
		{95DF2DD3-507E-4985-9CFE-D3A311671192}.Debug|x86.ActiveCfg = Debug|Any CPU
		{95DF2DD3-507E-4985-9CFE-D3A311671192}.Debug|x86.Build.0 = Debug|Any CPU
		{95DF2DD3-507E-4985-9CFE-D3A311671192}.Release|Any CPU.ActiveCfg = Release|Any CPU
		{95DF2DD3-507E-4985-9CFE-D3A311671192}.Release|Any CPU.Build.0 = Release|Any CPU
		{95DF2DD3-507E-4985-9CFE-D3A311671192}.Release|x86.ActiveCfg = Release|Any CPU
		{09FCB3DD-B111-439F-8574-ED024064906C}.Debug|Any CPU.ActiveCfg = Debug|Any CPU
		{09FCB3DD-B111-439F-8574-ED024064906C}.Debug|Any CPU.Build.0 = Debug|Any CPU
		{09FCB3DD-B111-439F-8574-ED024064906C}.Debug|x86.ActiveCfg = Debug|Any CPU
		{09FCB3DD-B111-439F-8574-ED024064906C}.Debug|x86.Build.0 = Debug|Any CPU
		{09FCB3DD-B111-439F-8574-ED024064906C}.Release|Any CPU.ActiveCfg = Release|Any CPU
		{09FCB3DD-B111-439F-8574-ED024064906C}.Release|Any CPU.Build.0 = Release|Any CPU
		{09FCB3DD-B111-439F-8574-ED024064906C}.Release|x86.ActiveCfg = Release|Any CPU
		{5D12A559-301C-4397-A519-85611B1FCF22}.Debug|Any CPU.ActiveCfg = Debug|Any CPU
		{5D12A559-301C-4397-A519-85611B1FCF22}.Debug|Any CPU.Build.0 = Debug|Any CPU
		{5D12A559-301C-4397-A519-85611B1FCF22}.Debug|x86.ActiveCfg = Debug|Any CPU
		{5D12A559-301C-4397-A519-85611B1FCF22}.Debug|x86.Build.0 = Debug|Any CPU
		{5D12A559-301C-4397-A519-85611B1FCF22}.Release|Any CPU.ActiveCfg = Release|Any CPU
		{5D12A559-301C-4397-A519-85611B1FCF22}.Release|Any CPU.Build.0 = Release|Any CPU
		{5D12A559-301C-4397-A519-85611B1FCF22}.Release|x86.ActiveCfg = Release|Any CPU
		{D22621C7-529C-4B59-A3ED-9CDD02D84BBF}.Debug|Any CPU.ActiveCfg = Debug|Any CPU
		{D22621C7-529C-4B59-A3ED-9CDD02D84BBF}.Debug|Any CPU.Build.0 = Debug|Any CPU
		{D22621C7-529C-4B59-A3ED-9CDD02D84BBF}.Debug|x86.ActiveCfg = Debug|Any CPU
		{D22621C7-529C-4B59-A3ED-9CDD02D84BBF}.Debug|x86.Build.0 = Debug|Any CPU
		{D22621C7-529C-4B59-A3ED-9CDD02D84BBF}.Release|Any CPU.ActiveCfg = Release|Any CPU
		{D22621C7-529C-4B59-A3ED-9CDD02D84BBF}.Release|Any CPU.Build.0 = Release|Any CPU
		{D22621C7-529C-4B59-A3ED-9CDD02D84BBF}.Release|x86.ActiveCfg = Release|Any CPU
		{C0777760-3481-4C07-B79B-29683F3F8F09}.Debug|Any CPU.ActiveCfg = Debug|Any CPU
		{C0777760-3481-4C07-B79B-29683F3F8F09}.Debug|Any CPU.Build.0 = Debug|Any CPU
		{C0777760-3481-4C07-B79B-29683F3F8F09}.Debug|x86.ActiveCfg = Debug|Any CPU
		{C0777760-3481-4C07-B79B-29683F3F8F09}.Release|Any CPU.ActiveCfg = Release|Any CPU
		{C0777760-3481-4C07-B79B-29683F3F8F09}.Release|Any CPU.Build.0 = Release|Any CPU
		{C0777760-3481-4C07-B79B-29683F3F8F09}.Release|x86.ActiveCfg = Release|Any CPU
		{D87F68BE-3BE8-471E-B3FA-CD6C3B9CBFDE}.Debug|Any CPU.ActiveCfg = Debug|Any CPU
		{D87F68BE-3BE8-471E-B3FA-CD6C3B9CBFDE}.Debug|Any CPU.Build.0 = Debug|Any CPU
		{D87F68BE-3BE8-471E-B3FA-CD6C3B9CBFDE}.Debug|x86.ActiveCfg = Debug|Any CPU
		{D87F68BE-3BE8-471E-B3FA-CD6C3B9CBFDE}.Release|Any CPU.ActiveCfg = Release|Any CPU
		{D87F68BE-3BE8-471E-B3FA-CD6C3B9CBFDE}.Release|Any CPU.Build.0 = Release|Any CPU
		{D87F68BE-3BE8-471E-B3FA-CD6C3B9CBFDE}.Release|x86.ActiveCfg = Release|Any CPU
	EndGlobalSection
	GlobalSection(SolutionProperties) = preSolution
		HideSolutionNode = FALSE
	EndGlobalSection
EndGlobal
