
Microsoft Visual Studio Solution File, Format Version 11.00
# Visual Studio 2010
Project("{FAE04EC0-301F-11D3-BF4B-00C04F79EFBC}") = "Southworks.IdentityModel.ClaimsPolicyEngine-VS2010", "Southworks.IdentityModel.ClaimsPolicyEngine\Southworks.IdentityModel.ClaimsPolicyEngine-VS2010.csproj", "{09FCB3DD-B111-439F-8574-ED024064906C}"
EndProject
Project("{FAE04EC0-301F-11D3-BF4B-00C04F79EFBC}") = "Southworks.IdentityModel.ClaimsPolicyEngine.Tests-VS2010", "Southworks.IdentityModel.ClaimsPolicyEngine.Tests\Southworks.IdentityModel.ClaimsPolicyEngine.Tests-VS2010.csproj", "{5D12A559-301C-4397-A519-85611B1FCF22}"
EndProject
Global
	GlobalSection(SolutionConfigurationPlatforms) = preSolution
		Debug|Any CPU = Debug|Any CPU
		Release|Any CPU = Release|Any CPU
	EndGlobalSection
	GlobalSection(ProjectConfigurationPlatforms) = postSolution
		{09FCB3DD-B111-439F-8574-ED024064906C}.Debug|Any CPU.ActiveCfg = Debug|Any CPU
		{09FCB3DD-B111-439F-8574-ED024064906C}.Debug|Any CPU.Build.0 = Debug|Any CPU
		{09FCB3DD-B111-439F-8574-ED024064906C}.Release|Any CPU.ActiveCfg = Release|Any CPU
		{09FCB3DD-B111-439F-8574-ED024064906C}.Release|Any CPU.Build.0 = Release|Any CPU
		{5D12A559-301C-4397-A519-85611B1FCF22}.Debug|Any CPU.ActiveCfg = Debug|Any CPU
		{5D12A559-301C-4397-A519-85611B1FCF22}.Debug|Any CPU.Build.0 = Debug|Any CPU
		{5D12A559-301C-4397-A519-85611B1FCF22}.Release|Any CPU.ActiveCfg = Release|Any CPU
		{5D12A559-301C-4397-A519-85611B1FCF22}.Release|Any CPU.Build.0 = Release|Any CPU
	EndGlobalSection
	GlobalSection(SolutionProperties) = preSolution
		HideSolutionNode = FALSE
	EndGlobalSection
EndGlobal
